
Microsoft Visual Studio Solution File, Format Version 12.00
# Visual Studio 2012
Project("{FAE04EC0-301F-11D3-BF4B-00C04F79EFBC}") = "Homework", "Homework.csproj", "{0D18FC09-A378-43C4-A822-DE054B8A1B4A}"
EndProject
Project("{FAE04EC0-301F-11D3-BF4B-00C04F79EFBC}") = "Homework.UITests", "Homework.UITests\Homework.UITests.csproj", "{AB5BF550-D0F8-4E61-8D0D-AFFA3ABDF433}"
EndProject
Global
	GlobalSection(SolutionConfigurationPlatforms) = preSolution
		Debug|Any CPU = Debug|Any CPU
		Release|Any CPU = Release|Any CPU
	EndGlobalSection
	GlobalSection(ProjectConfigurationPlatforms) = postSolution
		{0D18FC09-A378-43C4-A822-DE054B8A1B4A}.Debug|Any CPU.ActiveCfg = Debug|Any CPU
		{0D18FC09-A378-43C4-A822-DE054B8A1B4A}.Debug|Any CPU.Build.0 = Debug|Any CPU
		{0D18FC09-A378-43C4-A822-DE054B8A1B4A}.Release|Any CPU.ActiveCfg = Release|Any CPU
		{0D18FC09-A378-43C4-A822-DE054B8A1B4A}.Release|Any CPU.Build.0 = Release|Any CPU
		{AB5BF550-D0F8-4E61-8D0D-AFFA3ABDF433}.Debug|Any CPU.ActiveCfg = Debug|Any CPU
		{AB5BF550-D0F8-4E61-8D0D-AFFA3ABDF433}.Debug|Any CPU.Build.0 = Debug|Any CPU
		{AB5BF550-D0F8-4E61-8D0D-AFFA3ABDF433}.Release|Any CPU.ActiveCfg = Release|Any CPU
		{AB5BF550-D0F8-4E61-8D0D-AFFA3ABDF433}.Release|Any CPU.Build.0 = Release|Any CPU
	EndGlobalSection
EndGlobal
